
Microsoft Visual Studio Solution File, Format Version 12.00
# Visual Studio Version 17
VisualStudioVersion = 17.9.34622.214
MinimumVisualStudioVersion = 10.0.40219.1
Project("{9A19103F-16F7-4668-BE54-9A1E7A4F7556}") = "Task_02", "Task_02\Task_02.csproj", "{078D1B7F-5120-4733-AED3-92030F76A5E5}"
EndProject
Project("{9A19103F-16F7-4668-BE54-9A1E7A4F7556}") = "Task_03", "Task_03\Task_03.csproj", "{AB4263A1-EF0C-443A-8076-799EDF60DF38}"
EndProject
Project("{FAE04EC0-301F-11D3-BF4B-00C04F79EFBC}") = "Task_04", "Task_04\Task_04.csproj", "{F454B317-DE85-4ED7-976B-DE62F238B2E3}"
EndProject
Project("{FAE04EC0-301F-11D3-BF4B-00C04F79EFBC}") = "Task_06", "Task_06\Task_06.csproj", "{87C58CA2-B805-4B8A-AB63-AF335FF438C2}"
EndProject
Global
	GlobalSection(SolutionConfigurationPlatforms) = preSolution
		Debug|Any CPU = Debug|Any CPU
		Release|Any CPU = Release|Any CPU
	EndGlobalSection
	GlobalSection(ProjectConfigurationPlatforms) = postSolution
		{078D1B7F-5120-4733-AED3-92030F76A5E5}.Debug|Any CPU.ActiveCfg = Debug|Any CPU
		{078D1B7F-5120-4733-AED3-92030F76A5E5}.Debug|Any CPU.Build.0 = Debug|Any CPU
		{078D1B7F-5120-4733-AED3-92030F76A5E5}.Release|Any CPU.ActiveCfg = Release|Any CPU
		{078D1B7F-5120-4733-AED3-92030F76A5E5}.Release|Any CPU.Build.0 = Release|Any CPU
		{AB4263A1-EF0C-443A-8076-799EDF60DF38}.Debug|Any CPU.ActiveCfg = Debug|Any CPU
		{AB4263A1-EF0C-443A-8076-799EDF60DF38}.Debug|Any CPU.Build.0 = Debug|Any CPU
		{AB4263A1-EF0C-443A-8076-799EDF60DF38}.Release|Any CPU.ActiveCfg = Release|Any CPU
		{AB4263A1-EF0C-443A-8076-799EDF60DF38}.Release|Any CPU.Build.0 = Release|Any CPU
		{F454B317-DE85-4ED7-976B-DE62F238B2E3}.Debug|Any CPU.ActiveCfg = Debug|Any CPU
		{F454B317-DE85-4ED7-976B-DE62F238B2E3}.Debug|Any CPU.Build.0 = Debug|Any CPU
		{F454B317-DE85-4ED7-976B-DE62F238B2E3}.Release|Any CPU.ActiveCfg = Release|Any CPU
		{F454B317-DE85-4ED7-976B-DE62F238B2E3}.Release|Any CPU.Build.0 = Release|Any CPU
		{87C58CA2-B805-4B8A-AB63-AF335FF438C2}.Debug|Any CPU.ActiveCfg = Debug|Any CPU
		{87C58CA2-B805-4B8A-AB63-AF335FF438C2}.Debug|Any CPU.Build.0 = Debug|Any CPU
		{87C58CA2-B805-4B8A-AB63-AF335FF438C2}.Release|Any CPU.ActiveCfg = Release|Any CPU
		{87C58CA2-B805-4B8A-AB63-AF335FF438C2}.Release|Any CPU.Build.0 = Release|Any CPU
	EndGlobalSection
	GlobalSection(SolutionProperties) = preSolution
		HideSolutionNode = FALSE
	EndGlobalSection
	GlobalSection(ExtensibilityGlobals) = postSolution
		SolutionGuid = {311AFFBE-8251-4FC4-BCD4-49490D6A7A17}
	EndGlobalSection
EndGlobal
